
Microsoft Visual Studio Solution File, Format Version 12.00
# Visual Studio 15
VisualStudioVersion = 15.0.26124.0
MinimumVisualStudioVersion = 15.0.26124.0
Project("{FAE04EC0-301F-11D3-BF4B-00C04F79EFBC}") = "NSBenefits", "NSBenefits\NSBenefits.csproj", "{C90E9C3E-1D3C-4EFD-832A-6E1120DCE9A9}"
EndProject
Project("{FAE04EC0-301F-11D3-BF4B-00C04F79EFBC}") = "Services", "Services\Services.csproj", "{08426CC2-BC0B-4ED5-8F6A-309F774525A8}"
EndProject
Project("{FAE04EC0-301F-11D3-BF4B-00C04F79EFBC}") = "Interfaces", "Interfaces\Interfaces.csproj", "{E4F0B80C-F529-4859-B245-08AB464FE0D2}"
EndProject
Project("{FAE04EC0-301F-11D3-BF4B-00C04F79EFBC}") = "Models", "Models\Models.csproj", "{D0A70D17-1F49-44B3-8EC4-DA3E6F6DEEB0}"
EndProject
Project("{FAE04EC0-301F-11D3-BF4B-00C04F79EFBC}") = "Data", "Data\Data.csproj", "{632B824D-99D0-4B64-BF78-2F9AF26FB942}"
EndProject
Project("{FAE04EC0-301F-11D3-BF4B-00C04F79EFBC}") = "Tests", "Tests\Tests.csproj", "{4D16A540-8C24-4A1D-96D1-CF587897FB16}"
EndProject
Global
	GlobalSection(SolutionConfigurationPlatforms) = preSolution
		Debug|Any CPU = Debug|Any CPU
		Debug|x64 = Debug|x64
		Debug|x86 = Debug|x86
		Release|Any CPU = Release|Any CPU
		Release|x64 = Release|x64
		Release|x86 = Release|x86
	EndGlobalSection
	GlobalSection(SolutionProperties) = preSolution
		HideSolutionNode = FALSE
	EndGlobalSection
	GlobalSection(ProjectConfigurationPlatforms) = postSolution
		{C90E9C3E-1D3C-4EFD-832A-6E1120DCE9A9}.Debug|Any CPU.ActiveCfg = Debug|Any CPU
		{C90E9C3E-1D3C-4EFD-832A-6E1120DCE9A9}.Debug|Any CPU.Build.0 = Debug|Any CPU
		{C90E9C3E-1D3C-4EFD-832A-6E1120DCE9A9}.Debug|x64.ActiveCfg = Debug|Any CPU
		{C90E9C3E-1D3C-4EFD-832A-6E1120DCE9A9}.Debug|x64.Build.0 = Debug|Any CPU
		{C90E9C3E-1D3C-4EFD-832A-6E1120DCE9A9}.Debug|x86.ActiveCfg = Debug|Any CPU
		{C90E9C3E-1D3C-4EFD-832A-6E1120DCE9A9}.Debug|x86.Build.0 = Debug|Any CPU
		{C90E9C3E-1D3C-4EFD-832A-6E1120DCE9A9}.Release|Any CPU.ActiveCfg = Release|Any CPU
		{C90E9C3E-1D3C-4EFD-832A-6E1120DCE9A9}.Release|Any CPU.Build.0 = Release|Any CPU
		{C90E9C3E-1D3C-4EFD-832A-6E1120DCE9A9}.Release|x64.ActiveCfg = Release|Any CPU
		{C90E9C3E-1D3C-4EFD-832A-6E1120DCE9A9}.Release|x64.Build.0 = Release|Any CPU
		{C90E9C3E-1D3C-4EFD-832A-6E1120DCE9A9}.Release|x86.ActiveCfg = Release|Any CPU
		{C90E9C3E-1D3C-4EFD-832A-6E1120DCE9A9}.Release|x86.Build.0 = Release|Any CPU
		{08426CC2-BC0B-4ED5-8F6A-309F774525A8}.Debug|Any CPU.ActiveCfg = Debug|Any CPU
		{08426CC2-BC0B-4ED5-8F6A-309F774525A8}.Debug|Any CPU.Build.0 = Debug|Any CPU
		{08426CC2-BC0B-4ED5-8F6A-309F774525A8}.Debug|x64.ActiveCfg = Debug|Any CPU
		{08426CC2-BC0B-4ED5-8F6A-309F774525A8}.Debug|x64.Build.0 = Debug|Any CPU
		{08426CC2-BC0B-4ED5-8F6A-309F774525A8}.Debug|x86.ActiveCfg = Debug|Any CPU
		{08426CC2-BC0B-4ED5-8F6A-309F774525A8}.Debug|x86.Build.0 = Debug|Any CPU
		{08426CC2-BC0B-4ED5-8F6A-309F774525A8}.Release|Any CPU.ActiveCfg = Release|Any CPU
		{08426CC2-BC0B-4ED5-8F6A-309F774525A8}.Release|Any CPU.Build.0 = Release|Any CPU
		{08426CC2-BC0B-4ED5-8F6A-309F774525A8}.Release|x64.ActiveCfg = Release|Any CPU
		{08426CC2-BC0B-4ED5-8F6A-309F774525A8}.Release|x64.Build.0 = Release|Any CPU
		{08426CC2-BC0B-4ED5-8F6A-309F774525A8}.Release|x86.ActiveCfg = Release|Any CPU
		{08426CC2-BC0B-4ED5-8F6A-309F774525A8}.Release|x86.Build.0 = Release|Any CPU
		{E4F0B80C-F529-4859-B245-08AB464FE0D2}.Debug|Any CPU.ActiveCfg = Debug|Any CPU
		{E4F0B80C-F529-4859-B245-08AB464FE0D2}.Debug|Any CPU.Build.0 = Debug|Any CPU
		{E4F0B80C-F529-4859-B245-08AB464FE0D2}.Debug|x64.ActiveCfg = Debug|Any CPU
		{E4F0B80C-F529-4859-B245-08AB464FE0D2}.Debug|x64.Build.0 = Debug|Any CPU
		{E4F0B80C-F529-4859-B245-08AB464FE0D2}.Debug|x86.ActiveCfg = Debug|Any CPU
		{E4F0B80C-F529-4859-B245-08AB464FE0D2}.Debug|x86.Build.0 = Debug|Any CPU
		{E4F0B80C-F529-4859-B245-08AB464FE0D2}.Release|Any CPU.ActiveCfg = Release|Any CPU
		{E4F0B80C-F529-4859-B245-08AB464FE0D2}.Release|Any CPU.Build.0 = Release|Any CPU
		{E4F0B80C-F529-4859-B245-08AB464FE0D2}.Release|x64.ActiveCfg = Release|Any CPU
		{E4F0B80C-F529-4859-B245-08AB464FE0D2}.Release|x64.Build.0 = Release|Any CPU
		{E4F0B80C-F529-4859-B245-08AB464FE0D2}.Release|x86.ActiveCfg = Release|Any CPU
		{E4F0B80C-F529-4859-B245-08AB464FE0D2}.Release|x86.Build.0 = Release|Any CPU
		{D0A70D17-1F49-44B3-8EC4-DA3E6F6DEEB0}.Debug|Any CPU.ActiveCfg = Debug|Any CPU
		{D0A70D17-1F49-44B3-8EC4-DA3E6F6DEEB0}.Debug|Any CPU.Build.0 = Debug|Any CPU
		{D0A70D17-1F49-44B3-8EC4-DA3E6F6DEEB0}.Debug|x64.ActiveCfg = Debug|Any CPU
		{D0A70D17-1F49-44B3-8EC4-DA3E6F6DEEB0}.Debug|x64.Build.0 = Debug|Any CPU
		{D0A70D17-1F49-44B3-8EC4-DA3E6F6DEEB0}.Debug|x86.ActiveCfg = Debug|Any CPU
		{D0A70D17-1F49-44B3-8EC4-DA3E6F6DEEB0}.Debug|x86.Build.0 = Debug|Any CPU
		{D0A70D17-1F49-44B3-8EC4-DA3E6F6DEEB0}.Release|Any CPU.ActiveCfg = Release|Any CPU
		{D0A70D17-1F49-44B3-8EC4-DA3E6F6DEEB0}.Release|Any CPU.Build.0 = Release|Any CPU
		{D0A70D17-1F49-44B3-8EC4-DA3E6F6DEEB0}.Release|x64.ActiveCfg = Release|Any CPU
		{D0A70D17-1F49-44B3-8EC4-DA3E6F6DEEB0}.Release|x64.Build.0 = Release|Any CPU
		{D0A70D17-1F49-44B3-8EC4-DA3E6F6DEEB0}.Release|x86.ActiveCfg = Release|Any CPU
		{D0A70D17-1F49-44B3-8EC4-DA3E6F6DEEB0}.Release|x86.Build.0 = Release|Any CPU
		{632B824D-99D0-4B64-BF78-2F9AF26FB942}.Debug|Any CPU.ActiveCfg = Debug|Any CPU
		{632B824D-99D0-4B64-BF78-2F9AF26FB942}.Debug|Any CPU.Build.0 = Debug|Any CPU
		{632B824D-99D0-4B64-BF78-2F9AF26FB942}.Debug|x64.ActiveCfg = Debug|Any CPU
		{632B824D-99D0-4B64-BF78-2F9AF26FB942}.Debug|x64.Build.0 = Debug|Any CPU
		{632B824D-99D0-4B64-BF78-2F9AF26FB942}.Debug|x86.ActiveCfg = Debug|Any CPU
		{632B824D-99D0-4B64-BF78-2F9AF26FB942}.Debug|x86.Build.0 = Debug|Any CPU
		{632B824D-99D0-4B64-BF78-2F9AF26FB942}.Release|Any CPU.ActiveCfg = Release|Any CPU
		{632B824D-99D0-4B64-BF78-2F9AF26FB942}.Release|Any CPU.Build.0 = Release|Any CPU
		{632B824D-99D0-4B64-BF78-2F9AF26FB942}.Release|x64.ActiveCfg = Release|Any CPU
		{632B824D-99D0-4B64-BF78-2F9AF26FB942}.Release|x64.Build.0 = Release|Any CPU
		{632B824D-99D0-4B64-BF78-2F9AF26FB942}.Release|x86.ActiveCfg = Release|Any CPU
		{632B824D-99D0-4B64-BF78-2F9AF26FB942}.Release|x86.Build.0 = Release|Any CPU
		{4D16A540-8C24-4A1D-96D1-CF587897FB16}.Debug|Any CPU.ActiveCfg = Debug|Any CPU
		{4D16A540-8C24-4A1D-96D1-CF587897FB16}.Debug|Any CPU.Build.0 = Debug|Any CPU
		{4D16A540-8C24-4A1D-96D1-CF587897FB16}.Debug|x64.ActiveCfg = Debug|Any CPU
		{4D16A540-8C24-4A1D-96D1-CF587897FB16}.Debug|x64.Build.0 = Debug|Any CPU
		{4D16A540-8C24-4A1D-96D1-CF587897FB16}.Debug|x86.ActiveCfg = Debug|Any CPU
		{4D16A540-8C24-4A1D-96D1-CF587897FB16}.Debug|x86.Build.0 = Debug|Any CPU
		{4D16A540-8C24-4A1D-96D1-CF587897FB16}.Release|Any CPU.ActiveCfg = Release|Any CPU
		{4D16A540-8C24-4A1D-96D1-CF587897FB16}.Release|Any CPU.Build.0 = Release|Any CPU
		{4D16A540-8C24-4A1D-96D1-CF587897FB16}.Release|x64.ActiveCfg = Release|Any CPU
		{4D16A540-8C24-4A1D-96D1-CF587897FB16}.Release|x64.Build.0 = Release|Any CPU
		{4D16A540-8C24-4A1D-96D1-CF587897FB16}.Release|x86.ActiveCfg = Release|Any CPU
		{4D16A540-8C24-4A1D-96D1-CF587897FB16}.Release|x86.Build.0 = Release|Any CPU
	EndGlobalSection
EndGlobal
